# This file is automatically @generated by Cargo.
# It is not intended for manual editing.
version = 4

[[package]]
name = "arrayvec"
version = "0.7.6"
source = "registry+https://github.com/rust-lang/crates.io-index"
checksum = "7c02d123df017efcdfbd739ef81735b36c5ba83ec3c59c80a9d7ecc718f92e50"

[[package]]
name = "eira"
version = "0.1.0"
dependencies = [
 "arrayvec",
 "limine",
 "log",
 "spin",
]

[[package]]
name = "limine"
version = "0.6.3"
source = "registry+https://github.com/rust-lang/crates.io-index"
checksum = "90b240f611eba0b43bf3e97478d87f12322c6c0f540bdad885c3e8c4a0d57333"

[[package]]
name = "lock_api"
version = "0.4.14"
source = "registry+https://github.com/rust-lang/crates.io-index"
checksum = "224399e74b87b5f3557511d98dff8b14089b3dadafcab6bb93eab67d3aace965"
dependencies = [
 "scopeguard",
]

[[package]]
name = "log"
version = "0.4.29"
source = "registry+https://github.com/rust-lang/crates.io-index"
checksum = "5e5032e24019045c762d3c0f28f5b6b8bbf38563a65908389bf7978758920897"

[[package]]
name = "scopeguard"
version = "1.2.0"
source = "registry+https://github.com/rust-lang/crates.io-index"
checksum = "94143f37725109f92c262ed2cf5e59bce7498c01bcc1502d7b9afe439a4e9f49"

[[package]]
name = "spin"
version = "0.11.0"
source = "registry+https://github.com/rust-lang/crates.io-index"
checksum = "783f3f6f6b01e295a669edfc402133a5f2553d1f0e81284b3ba4594e80bdd4a2"
dependencies = [
 "lock_api",
]
